
Microsoft Visual Studio Solution File, Format Version 12.00
# Visual Studio Version 17
VisualStudioVersion = 17.11.35327.3
MinimumVisualStudioVersion = 10.0.40219.1
Project("{9A19103F-16F7-4668-BE54-9A1E7A4F7556}") = "package-manager", "package-manager.csproj", "{BEFBF1AF-3386-4428-BBF1-1E122FFF43A0}"
EndProject
Project("{FAE04EC0-301F-11D3-BF4B-00C04F79EFBC}") = "package-manager.Tests", "package-manager.Tests\package-manager.Tests.csproj", "{2E5A2346-F236-4453-9153-42E93102E10C}"
	ProjectSection(ProjectDependencies) = postProject
		{BEFBF1AF-3386-4428-BBF1-1E122FFF43A0} = {BEFBF1AF-3386-4428-BBF1-1E122FFF43A0}
	EndProjectSection
EndProject
Global
	GlobalSection(SolutionConfigurationPlatforms) = preSolution
		Debug|Any CPU = Debug|Any CPU
		Release|Any CPU = Release|Any CPU
	EndGlobalSection
	GlobalSection(ProjectConfigurationPlatforms) = postSolution
		{BEFBF1AF-3386-4428-BBF1-1E122FFF43A0}.Debug|Any CPU.ActiveCfg = Debug|Any CPU
		{BEFBF1AF-3386-4428-BBF1-1E122FFF43A0}.Debug|Any CPU.Build.0 = Debug|Any CPU
		{BEFBF1AF-3386-4428-BBF1-1E122FFF43A0}.Release|Any CPU.ActiveCfg = Release|Any CPU
		{BEFBF1AF-3386-4428-BBF1-1E122FFF43A0}.Release|Any CPU.Build.0 = Release|Any CPU
		{2E5A2346-F236-4453-9153-42E93102E10C}.Debug|Any CPU.ActiveCfg = Debug|Any CPU
		{2E5A2346-F236-4453-9153-42E93102E10C}.Debug|Any CPU.Build.0 = Debug|Any CPU
		{2E5A2346-F236-4453-9153-42E93102E10C}.Release|Any CPU.ActiveCfg = Release|Any CPU
		{2E5A2346-F236-4453-9153-42E93102E10C}.Release|Any CPU.Build.0 = Release|Any CPU
	EndGlobalSection
	GlobalSection(SolutionProperties) = preSolution
		HideSolutionNode = FALSE
	EndGlobalSection
	GlobalSection(ExtensibilityGlobals) = postSolution
		SolutionGuid = {048C16EB-387F-428E-8C1C-567CD07B1883}
	EndGlobalSection
EndGlobal
